
Microsoft Visual Studio Solution File, Format Version 12.00
# Visual Studio Version 16
VisualStudioVersion = 16.0.29503.13
MinimumVisualStudioVersion = 10.0.40219.1
Project("{FAE04EC0-301F-11D3-BF4B-00C04F79EFBC}") = "ConsoleChars", "ConsoleChars\ConsoleChars.csproj", "{84F6A4A0-0081-497E-ACF6-2DCA2F030A4F}"
EndProject
Project("{FAE04EC0-301F-11D3-BF4B-00C04F79EFBC}") = "ConsoleCharsCheck", "ConsoleCharsCheck\ConsoleCharsCheck.csproj", "{775B1D4E-13CA-4371-9D79-4B5C5D99D421}"
EndProject
Global
	GlobalSection(SolutionConfigurationPlatforms) = preSolution
		Debug|Any CPU = Debug|Any CPU
		Release|Any CPU = Release|Any CPU
	EndGlobalSection
	GlobalSection(ProjectConfigurationPlatforms) = postSolution
		{84F6A4A0-0081-497E-ACF6-2DCA2F030A4F}.Debug|Any CPU.ActiveCfg = Debug|Any CPU
		{84F6A4A0-0081-497E-ACF6-2DCA2F030A4F}.Debug|Any CPU.Build.0 = Debug|Any CPU
		{84F6A4A0-0081-497E-ACF6-2DCA2F030A4F}.Release|Any CPU.ActiveCfg = Release|Any CPU
		{84F6A4A0-0081-497E-ACF6-2DCA2F030A4F}.Release|Any CPU.Build.0 = Release|Any CPU
		{775B1D4E-13CA-4371-9D79-4B5C5D99D421}.Debug|Any CPU.ActiveCfg = Debug|Any CPU
		{775B1D4E-13CA-4371-9D79-4B5C5D99D421}.Debug|Any CPU.Build.0 = Debug|Any CPU
		{775B1D4E-13CA-4371-9D79-4B5C5D99D421}.Release|Any CPU.ActiveCfg = Release|Any CPU
		{775B1D4E-13CA-4371-9D79-4B5C5D99D421}.Release|Any CPU.Build.0 = Release|Any CPU
	EndGlobalSection
	GlobalSection(SolutionProperties) = preSolution
		HideSolutionNode = FALSE
	EndGlobalSection
	GlobalSection(ExtensibilityGlobals) = postSolution
		SolutionGuid = {A1FE8C52-8F63-4210-983D-FB2CDCE861C7}
	EndGlobalSection
EndGlobal
